
Microsoft Visual Studio Solution File, Format Version 12.00
# Visual Studio Version 17
VisualStudioVersion = 17.10.35122.118
MinimumVisualStudioVersion = 10.0.40219.1
Project("{FAE04EC0-301F-11D3-BF4B-00C04F79EFBC}") = "GAMBLING", "GAMBLING\GAMBLING.csproj", "{110B0E46-EFC5-4F29-B701-B9952524250F}"
EndProject
Global
	GlobalSection(SolutionConfigurationPlatforms) = preSolution
		Debug|Any CPU = Debug|Any CPU
		Release|Any CPU = Release|Any CPU
	EndGlobalSection
	GlobalSection(ProjectConfigurationPlatforms) = postSolution
		{110B0E46-EFC5-4F29-B701-B9952524250F}.Debug|Any CPU.ActiveCfg = Debug|Any CPU
		{110B0E46-EFC5-4F29-B701-B9952524250F}.Debug|Any CPU.Build.0 = Debug|Any CPU
		{110B0E46-EFC5-4F29-B701-B9952524250F}.Release|Any CPU.ActiveCfg = Release|Any CPU
		{110B0E46-EFC5-4F29-B701-B9952524250F}.Release|Any CPU.Build.0 = Release|Any CPU
	EndGlobalSection
	GlobalSection(SolutionProperties) = preSolution
		HideSolutionNode = FALSE
	EndGlobalSection
	GlobalSection(ExtensibilityGlobals) = postSolution
		SolutionGuid = {BA034E64-3862-416F-8954-AFD9CFAA9169}
	EndGlobalSection
EndGlobal
