
Microsoft Visual Studio Solution File, Format Version 12.00
# Visual Studio Version 17
VisualStudioVersion = 17.10.35122.118
MinimumVisualStudioVersion = 10.0.40219.1
Project("{FAE04EC0-301F-11D3-BF4B-00C04F79EFBC}") = "RaceEventManager", "RaceEventManager\RaceEventManager.csproj", "{DD5AE3BD-878F-49CE-8B46-E98B76C6F010}"
EndProject
Global
	GlobalSection(SolutionConfigurationPlatforms) = preSolution
		Debug|Any CPU = Debug|Any CPU
		Release|Any CPU = Release|Any CPU
	EndGlobalSection
	GlobalSection(ProjectConfigurationPlatforms) = postSolution
		{DD5AE3BD-878F-49CE-8B46-E98B76C6F010}.Debug|Any CPU.ActiveCfg = Debug|Any CPU
		{DD5AE3BD-878F-49CE-8B46-E98B76C6F010}.Debug|Any CPU.Build.0 = Debug|Any CPU
		{DD5AE3BD-878F-49CE-8B46-E98B76C6F010}.Release|Any CPU.ActiveCfg = Release|Any CPU
		{DD5AE3BD-878F-49CE-8B46-E98B76C6F010}.Release|Any CPU.Build.0 = Release|Any CPU
	EndGlobalSection
	GlobalSection(SolutionProperties) = preSolution
		HideSolutionNode = FALSE
	EndGlobalSection
	GlobalSection(ExtensibilityGlobals) = postSolution
		SolutionGuid = {EDE41121-AC02-4D31-B579-ACCB623C23CB}
	EndGlobalSection
EndGlobal
