
Microsoft Visual Studio Solution File, Format Version 12.00
# Visual Studio Version 17
VisualStudioVersion = 17.10.35122.118
MinimumVisualStudioVersion = 10.0.40219.1
Project("{FAE04EC0-301F-11D3-BF4B-00C04F79EFBC}") = "AthleteManagement", "AthleteManagement\AthleteManagement.csproj", "{0E251759-4DBC-4747-B0C2-6960A62BAC70}"
EndProject
Global
	GlobalSection(SolutionConfigurationPlatforms) = preSolution
		Debug|Any CPU = Debug|Any CPU
		Release|Any CPU = Release|Any CPU
	EndGlobalSection
	GlobalSection(ProjectConfigurationPlatforms) = postSolution
		{0E251759-4DBC-4747-B0C2-6960A62BAC70}.Debug|Any CPU.ActiveCfg = Debug|Any CPU
		{0E251759-4DBC-4747-B0C2-6960A62BAC70}.Debug|Any CPU.Build.0 = Debug|Any CPU
		{0E251759-4DBC-4747-B0C2-6960A62BAC70}.Release|Any CPU.ActiveCfg = Release|Any CPU
		{0E251759-4DBC-4747-B0C2-6960A62BAC70}.Release|Any CPU.Build.0 = Release|Any CPU
	EndGlobalSection
	GlobalSection(SolutionProperties) = preSolution
		HideSolutionNode = FALSE
	EndGlobalSection
	GlobalSection(ExtensibilityGlobals) = postSolution
		SolutionGuid = {26D22B64-3E75-4F53-AF6E-EF95137EA4BB}
	EndGlobalSection
EndGlobal
